
Microsoft Visual Studio Solution File, Format Version 12.00
# Visual Studio Version 17
VisualStudioVersion = 17.4.33213.308
MinimumVisualStudioVersion = 10.0.40219.1
Project("{54A90642-561A-4BB1-A94E-469ADEE60C69}") = "restaurantesustentavel_fe", "RestauranteSustentavel_FE\restaurantesustentavel_fe.esproj", "{BBA1AA5E-E70E-4A50-9661-D9292C883B51}"
EndProject
Global
	GlobalSection(SolutionConfigurationPlatforms) = preSolution
		Debug|Any CPU = Debug|Any CPU
		Release|Any CPU = Release|Any CPU
	EndGlobalSection
	GlobalSection(ProjectConfigurationPlatforms) = postSolution
		{BBA1AA5E-E70E-4A50-9661-D9292C883B51}.Debug|Any CPU.ActiveCfg = Debug|Any CPU
		{BBA1AA5E-E70E-4A50-9661-D9292C883B51}.Debug|Any CPU.Build.0 = Debug|Any CPU
		{BBA1AA5E-E70E-4A50-9661-D9292C883B51}.Debug|Any CPU.Deploy.0 = Debug|Any CPU
		{BBA1AA5E-E70E-4A50-9661-D9292C883B51}.Release|Any CPU.ActiveCfg = Release|Any CPU
		{BBA1AA5E-E70E-4A50-9661-D9292C883B51}.Release|Any CPU.Build.0 = Release|Any CPU
		{BBA1AA5E-E70E-4A50-9661-D9292C883B51}.Release|Any CPU.Deploy.0 = Release|Any CPU
	EndGlobalSection
	GlobalSection(SolutionProperties) = preSolution
		HideSolutionNode = FALSE
	EndGlobalSection
	GlobalSection(ExtensibilityGlobals) = postSolution
		SolutionGuid = {B10EE72C-C21C-4CD6-B63D-7DF755FEB7F7}
	EndGlobalSection
EndGlobal
