
Microsoft Visual Studio Solution File, Format Version 12.00
# Visual Studio Version 17
VisualStudioVersion = 17.4.33213.308
MinimumVisualStudioVersion = 10.0.40219.1
Project("{9A19103F-16F7-4668-BE54-9A1E7A4F7556}") = "RestauranteSustentavel_BE", "RestauranteSustentavel_BE\RestauranteSustentavel_BE.csproj", "{AFD20AFD-2138-48E9-9885-446BBDAE92E9}"
EndProject
Project("{FAE04EC0-301F-11D3-BF4B-00C04F79EFBC}") = "RestauranteSustentavel_BE.Tests", "RestauranteSustentavel_BE.Tests\RestauranteSustentavel_BE.Tests.csproj", "{DC1CEEAA-2AFA-4374-A7AE-F5309A377973}"
EndProject
Global
	GlobalSection(SolutionConfigurationPlatforms) = preSolution
		Debug|Any CPU = Debug|Any CPU
		Release|Any CPU = Release|Any CPU
	EndGlobalSection
	GlobalSection(ProjectConfigurationPlatforms) = postSolution
		{AFD20AFD-2138-48E9-9885-446BBDAE92E9}.Debug|Any CPU.ActiveCfg = Debug|Any CPU
		{AFD20AFD-2138-48E9-9885-446BBDAE92E9}.Debug|Any CPU.Build.0 = Debug|Any CPU
		{AFD20AFD-2138-48E9-9885-446BBDAE92E9}.Release|Any CPU.ActiveCfg = Release|Any CPU
		{AFD20AFD-2138-48E9-9885-446BBDAE92E9}.Release|Any CPU.Build.0 = Release|Any CPU
		{DC1CEEAA-2AFA-4374-A7AE-F5309A377973}.Debug|Any CPU.ActiveCfg = Debug|Any CPU
		{DC1CEEAA-2AFA-4374-A7AE-F5309A377973}.Debug|Any CPU.Build.0 = Debug|Any CPU
		{DC1CEEAA-2AFA-4374-A7AE-F5309A377973}.Release|Any CPU.ActiveCfg = Release|Any CPU
		{DC1CEEAA-2AFA-4374-A7AE-F5309A377973}.Release|Any CPU.Build.0 = Release|Any CPU
	EndGlobalSection
	GlobalSection(SolutionProperties) = preSolution
		HideSolutionNode = FALSE
	EndGlobalSection
	GlobalSection(ExtensibilityGlobals) = postSolution
		SolutionGuid = {CF063862-49FB-481B-8AAC-649073EF88E3}
	EndGlobalSection
EndGlobal
